
Microsoft Visual Studio Solution File, Format Version 12.00
# Visual Studio Version 17
VisualStudioVersion = 17.0.32112.339
MinimumVisualStudioVersion = 10.0.40219.1
Project("{FAE04EC0-301F-11D3-BF4B-00C04F79EFBC}") = "SuiviDrones.API", "SuiviDrones.API\SuiviDrones.API.csproj", "{86594812-E310-4BE4-92E9-DBD763AF5941}"
EndProject
Project("{FAE04EC0-301F-11D3-BF4B-00C04F79EFBC}") = "SuiviDrones.API.Models", "SuiviDrones.API.Models\SuiviDrones.API.Models.csproj", "{BDC70DA8-7256-421C-9746-8D6DF76631F6}"
EndProject
Project("{2150E333-8FDC-42A3-9474-1A3956D46DE8}") = "Libs", "Libs", "{696A152F-BF63-4973-AA5F-B41A68208F39}"
EndProject
Project("{FAE04EC0-301F-11D3-BF4B-00C04F79EFBC}") = "SuiviDrones.Api.Application", "SuiviDrones.Api.Application\SuiviDrones.Api.Application.csproj", "{10947B8A-0048-4AB9-8AE4-79B7B4D39536}"
EndProject
Global
	GlobalSection(SolutionConfigurationPlatforms) = preSolution
		Debug|Any CPU = Debug|Any CPU
		Release|Any CPU = Release|Any CPU
	EndGlobalSection
	GlobalSection(ProjectConfigurationPlatforms) = postSolution
		{86594812-E310-4BE4-92E9-DBD763AF5941}.Debug|Any CPU.ActiveCfg = Debug|Any CPU
		{86594812-E310-4BE4-92E9-DBD763AF5941}.Debug|Any CPU.Build.0 = Debug|Any CPU
		{86594812-E310-4BE4-92E9-DBD763AF5941}.Release|Any CPU.ActiveCfg = Release|Any CPU
		{86594812-E310-4BE4-92E9-DBD763AF5941}.Release|Any CPU.Build.0 = Release|Any CPU
		{BDC70DA8-7256-421C-9746-8D6DF76631F6}.Debug|Any CPU.ActiveCfg = Debug|Any CPU
		{BDC70DA8-7256-421C-9746-8D6DF76631F6}.Debug|Any CPU.Build.0 = Debug|Any CPU
		{BDC70DA8-7256-421C-9746-8D6DF76631F6}.Release|Any CPU.ActiveCfg = Release|Any CPU
		{BDC70DA8-7256-421C-9746-8D6DF76631F6}.Release|Any CPU.Build.0 = Release|Any CPU
		{10947B8A-0048-4AB9-8AE4-79B7B4D39536}.Debug|Any CPU.ActiveCfg = Debug|Any CPU
		{10947B8A-0048-4AB9-8AE4-79B7B4D39536}.Debug|Any CPU.Build.0 = Debug|Any CPU
		{10947B8A-0048-4AB9-8AE4-79B7B4D39536}.Release|Any CPU.ActiveCfg = Release|Any CPU
		{10947B8A-0048-4AB9-8AE4-79B7B4D39536}.Release|Any CPU.Build.0 = Release|Any CPU
	EndGlobalSection
	GlobalSection(SolutionProperties) = preSolution
		HideSolutionNode = FALSE
	EndGlobalSection
	GlobalSection(NestedProjects) = preSolution
		{BDC70DA8-7256-421C-9746-8D6DF76631F6} = {696A152F-BF63-4973-AA5F-B41A68208F39}
		{10947B8A-0048-4AB9-8AE4-79B7B4D39536} = {696A152F-BF63-4973-AA5F-B41A68208F39}
	EndGlobalSection
	GlobalSection(ExtensibilityGlobals) = postSolution
		SolutionGuid = {E464EC0E-8E75-42DB-A7D8-125D790800A8}
	EndGlobalSection
EndGlobal
